
Microsoft Visual Studio Solution File, Format Version 12.00
# Visual Studio Version 17
VisualStudioVersion = 17.12.35707.178 d17.12
MinimumVisualStudioVersion = 10.0.40219.1
Project("{8BC9CEB8-8B4A-11D0-8D11-00A0C91BC942}") = "LAB1", "LAB1.vcxproj", "{30F68FE0-C4C7-4688-A010-72C3D80BC172}"
EndProject
Global
	GlobalSection(SolutionConfigurationPlatforms) = preSolution
		Debug|x64 = Debug|x64
		Debug|x86 = Debug|x86
		Release|x64 = Release|x64
		Release|x86 = Release|x86
	EndGlobalSection
	GlobalSection(ProjectConfigurationPlatforms) = postSolution
		{30F68FE0-C4C7-4688-A010-72C3D80BC172}.Debug|x64.ActiveCfg = Debug|x64
		{30F68FE0-C4C7-4688-A010-72C3D80BC172}.Debug|x64.Build.0 = Debug|x64
		{30F68FE0-C4C7-4688-A010-72C3D80BC172}.Debug|x86.ActiveCfg = Debug|Win32
		{30F68FE0-C4C7-4688-A010-72C3D80BC172}.Debug|x86.Build.0 = Debug|Win32
		{30F68FE0-C4C7-4688-A010-72C3D80BC172}.Release|x64.ActiveCfg = Release|x64
		{30F68FE0-C4C7-4688-A010-72C3D80BC172}.Release|x64.Build.0 = Release|x64
		{30F68FE0-C4C7-4688-A010-72C3D80BC172}.Release|x86.ActiveCfg = Release|Win32
		{30F68FE0-C4C7-4688-A010-72C3D80BC172}.Release|x86.Build.0 = Release|Win32
	EndGlobalSection
	GlobalSection(SolutionProperties) = preSolution
		HideSolutionNode = FALSE
	EndGlobalSection
EndGlobal
